# THIS IS AN AUTOGENERATED FILE. DO NOT EDIT THIS FILE DIRECTLY.
# yarn lockfile v1


eventemitter3@^5.0.1:
  version "5.0.1"
  resolved "https://registry.yarnpkg.com/eventemitter3/-/eventemitter3-5.0.1.tgz#53f5ffd0a492ac800721bb42c66b841de96423c4"
  integrity sha512-GWkBvjiSZK87ELrYOSESUYeVIc9mvLLf/nXalMOS5dYrgZq9o5OVkbZAVM06CVxYsCwH9BDZFPlQTlPA1j4ahA==

normalize.css@^8.0.1:
  version "8.0.1"
  resolved "https://registry.yarnpkg.com/normalize.css/-/normalize.css-8.0.1.tgz#9b98a208738b9cc2634caacbc42d131c97487bf3"
  integrity sha512-qizSNPO93t1YUuUhP22btGOo3chcvDFqFaj2TRybP0DMxkHOCTYwp3n34fel4a31ORXy4m1Xq0Gyqpb5m33qIg==

phaser@^3.86.0:
  version "3.86.0"
  resolved "https://registry.yarnpkg.com/phaser/-/phaser-3.86.0.tgz#90f10cec5a0edf59341e021768bb0bc7edd01628"
  integrity sha512-A7rog3GhXYcWsPimteQmudyY6W0fx0eviOoo9Cwpzae1RPeJBDkhmWv5IFrQO9dL+T907E4dprQPnd2D4WhoEw==
  dependencies:
    eventemitter3 "^5.0.1"
